// !$*UTF8*$!
{
	archiveVersion = 1;
	classes = {
	};
	objectVersion = 55;
	objects = {

/* Begin PBXBuildFile section */
		E42B8AF728AB7B2700048F89 /* main.c in Sources */ = {isa = PBXBuildFile; fileRef = E42B8AF628AB7B2700048F89 /* main.c */; };
		E42B8AFF28ABA7F700048F89 /* pointer.c in Sources */ = {isa = PBXBuildFile; fileRef = E42B8AFE28ABA7F700048F89 /* pointer.c */; };
		E42B8B0228ABA96700048F89 /* array.c in Sources */ = {isa = PBXBuildFile; fileRef = E42B8B0128ABA96700048F89 /* array.c */; };
		E4A1082228C5CC8E009865AA /* stack.c in Sources */ = {isa = PBXBuildFile; fileRef = E4A1082128C5CC8E009865AA /* stack.c */; };
		E4EA873D28BEFA29001E7E6B /* struct.c in Sources */ = {isa = PBXBuildFile; fileRef = E4EA873C28BEFA29001E7E6B /* struct.c */; };
		E4EA874028BF5E42001E7E6B /* bit.c in Sources */ = {isa = PBXBuildFile; fileRef = E4EA873F28BF5E42001E7E6B /* bit.c */; };
		E4EEF12428C0651F00512532 /* list.c in Sources */ = {isa = PBXBuildFile; fileRef = E4EEF12328C0651F00512532 /* list.c */; };
		E4EEF12A28C1A64D00512532 /* queue.c in Sources */ = {isa = PBXBuildFile; fileRef = E4EEF12928C1A64D00512532 /* queue.c */; };
		E4EEF12D28C1DD8E00512532 /* tree.c in Sources */ = {isa = PBXBuildFile; fileRef = E4EEF12C28C1DD8E00512532 /* tree.c */; };
/* End PBXBuildFile section */

/* Begin PBXCopyFilesBuildPhase section */
		E42B8AF128AB7B2700048F89 /* CopyFiles */ = {
			isa = PBXCopyFilesBuildPhase;
			buildActionMask = 2147483647;
			dstPath = /usr/share/man/man1/;
			dstSubfolderSpec = 0;
			files = (
			);
			runOnlyForDeploymentPostprocessing = 1;
		};
/* End PBXCopyFilesBuildPhase section */

/* Begin PBXFileReference section */
		E42B8AF328AB7B2700048F89 /* Learn_C */ = {isa = PBXFileReference; explicitFileType = "compiled.mach-o.executable"; includeInIndex = 0; path = Learn_C; sourceTree = BUILT_PRODUCTS_DIR; };
		E42B8AF628AB7B2700048F89 /* main.c */ = {isa = PBXFileReference; lastKnownFileType = sourcecode.c.c; path = main.c; sourceTree = "<group>"; };
		E42B8AFD28ABA7F700048F89 /* pointer.h */ = {isa = PBXFileReference; lastKnownFileType = sourcecode.c.h; path = pointer.h; sourceTree = "<group>"; };
		E42B8AFE28ABA7F700048F89 /* pointer.c */ = {isa = PBXFileReference; lastKnownFileType = sourcecode.c.c; path = pointer.c; sourceTree = "<group>"; };
		E42B8B0028ABA96700048F89 /* array.h */ = {isa = PBXFileReference; lastKnownFileType = sourcecode.c.h; path = array.h; sourceTree = "<group>"; };
		E42B8B0128ABA96700048F89 /* array.c */ = {isa = PBXFileReference; lastKnownFileType = sourcecode.c.c; path = array.c; sourceTree = "<group>"; };
		E4A1082028C5CC8E009865AA /* stack.h */ = {isa = PBXFileReference; lastKnownFileType = sourcecode.c.h; path = stack.h; sourceTree = "<group>"; };
		E4A1082128C5CC8E009865AA /* stack.c */ = {isa = PBXFileReference; lastKnownFileType = sourcecode.c.c; path = stack.c; sourceTree = "<group>"; };
		E4EA873B28BEFA29001E7E6B /* struct.h */ = {isa = PBXFileReference; lastKnownFileType = sourcecode.c.h; path = struct.h; sourceTree = "<group>"; };
		E4EA873C28BEFA29001E7E6B /* struct.c */ = {isa = PBXFileReference; lastKnownFileType = sourcecode.c.c; path = struct.c; sourceTree = "<group>"; };
		E4EA873E28BF5E42001E7E6B /* bit.h */ = {isa = PBXFileReference; lastKnownFileType = sourcecode.c.h; path = bit.h; sourceTree = "<group>"; };
		E4EA873F28BF5E42001E7E6B /* bit.c */ = {isa = PBXFileReference; lastKnownFileType = sourcecode.c.c; path = bit.c; sourceTree = "<group>"; };
		E4EEF12228C0651F00512532 /* list.h */ = {isa = PBXFileReference; lastKnownFileType = sourcecode.c.h; path = list.h; sourceTree = "<group>"; };
		E4EEF12328C0651F00512532 /* list.c */ = {isa = PBXFileReference; lastKnownFileType = sourcecode.c.c; path = list.c; sourceTree = "<group>"; };
		E4EEF12828C1A64D00512532 /* queue.h */ = {isa = PBXFileReference; lastKnownFileType = sourcecode.c.h; path = queue.h; sourceTree = "<group>"; };
		E4EEF12928C1A64D00512532 /* queue.c */ = {isa = PBXFileReference; lastKnownFileType = sourcecode.c.c; path = queue.c; sourceTree = "<group>"; };
		E4EEF12B28C1DD8E00512532 /* tree.h */ = {isa = PBXFileReference; lastKnownFileType = sourcecode.c.h; path = tree.h; sourceTree = "<group>"; };
		E4EEF12C28C1DD8E00512532 /* tree.c */ = {isa = PBXFileReference; lastKnownFileType = sourcecode.c.c; path = tree.c; sourceTree = "<group>"; };
/* End PBXFileReference section */

/* Begin PBXFrameworksBuildPhase section */
		E42B8AF028AB7B2700048F89 /* Frameworks */ = {
			isa = PBXFrameworksBuildPhase;
			buildActionMask = 2147483647;
			files = (
			);
			runOnlyForDeploymentPostprocessing = 0;
		};
/* End PBXFrameworksBuildPhase section */

/* Begin PBXGroup section */
		E42B8AEA28AB7B2700048F89 = {
			isa = PBXGroup;
			children = (
				E42B8AF528AB7B2700048F89 /* Learn_C */,
				E42B8AF428AB7B2700048F89 /* Products */,
			);
			sourceTree = "<group>";
		};
		E42B8AF428AB7B2700048F89 /* Products */ = {
			isa = PBXGroup;
			children = (
				E42B8AF328AB7B2700048F89 /* Learn_C */,
			);
			name = Products;
			sourceTree = "<group>";
		};
		E42B8AF528AB7B2700048F89 /* Learn_C */ = {
			isa = PBXGroup;
			children = (
				E4A1086628CADA8B009865AA /* source */,
				E42B8AF628AB7B2700048F89 /* main.c */,
			);
			path = Learn_C;
			sourceTree = "<group>";
		};
		E4A1086628CADA8B009865AA /* source */ = {
			isa = PBXGroup;
			children = (
				E42B8AFD28ABA7F700048F89 /* pointer.h */,
				E42B8AFE28ABA7F700048F89 /* pointer.c */,
				E42B8B0028ABA96700048F89 /* array.h */,
				E42B8B0128ABA96700048F89 /* array.c */,
				E4EA873B28BEFA29001E7E6B /* struct.h */,
				E4EA873C28BEFA29001E7E6B /* struct.c */,
				E4EA873E28BF5E42001E7E6B /* bit.h */,
				E4EA873F28BF5E42001E7E6B /* bit.c */,
				E4EEF12228C0651F00512532 /* list.h */,
				E4EEF12328C0651F00512532 /* list.c */,
				E4EEF12828C1A64D00512532 /* queue.h */,
				E4EEF12928C1A64D00512532 /* queue.c */,
				E4EEF12B28C1DD8E00512532 /* tree.h */,
				E4EEF12C28C1DD8E00512532 /* tree.c */,
				E4A1082028C5CC8E009865AA /* stack.h */,
				E4A1082128C5CC8E009865AA /* stack.c */,
			);
			path = source;
			sourceTree = "<group>";
		};
/* End PBXGroup section */

/* Begin PBXNativeTarget section */
		E42B8AF228AB7B2700048F89 /* Learn_C */ = {
			isa = PBXNativeTarget;
			buildConfigurationList = E42B8AFA28AB7B2800048F89 /* Build configuration list for PBXNativeTarget "Learn_C" */;
			buildPhases = (
				E42B8AEF28AB7B2700048F89 /* Sources */,
				E42B8AF028AB7B2700048F89 /* Frameworks */,
				E42B8AF128AB7B2700048F89 /* CopyFiles */,
			);
			buildRules = (
			);
			dependencies = (
			);
			name = Learn_C;
			productName = Learn_C;
			productReference = E42B8AF328AB7B2700048F89 /* Learn_C */;
			productType = "com.apple.product-type.tool";
		};
/* End PBXNativeTarget section */

/* Begin PBXProject section */
		E42B8AEB28AB7B2700048F89 /* Project object */ = {
			isa = PBXProject;
			attributes = {
				BuildIndependentTargetsInParallel = 1;
				LastUpgradeCheck = 1340;
				TargetAttributes = {
					E42B8AF228AB7B2700048F89 = {
						CreatedOnToolsVersion = 13.4;
					};
				};
			};
			buildConfigurationList = E42B8AEE28AB7B2700048F89 /* Build configuration list for PBXProject "Learn_C" */;
			compatibilityVersion = "Xcode 13.0";
			developmentRegion = en;
			hasScannedForEncodings = 0;
			knownRegions = (
				en,
				Base,
			);
			mainGroup = E42B8AEA28AB7B2700048F89;
			productRefGroup = E42B8AF428AB7B2700048F89 /* Products */;
			projectDirPath = "";
			projectRoot = "";
			targets = (
				E42B8AF228AB7B2700048F89 /* Learn_C */,
			);
		};
/* End PBXProject section */

/* Begin PBXSourcesBuildPhase section */
		E42B8AEF28AB7B2700048F89 /* Sources */ = {
			isa = PBXSourcesBuildPhase;
			buildActionMask = 2147483647;
			files = (
				E42B8B0228ABA96700048F89 /* array.c in Sources */,
				E42B8AF728AB7B2700048F89 /* main.c in Sources */,
				E4EA873D28BEFA29001E7E6B /* struct.c in Sources */,
				E4A1082228C5CC8E009865AA /* stack.c in Sources */,
				E4EEF12A28C1A64D00512532 /* queue.c in Sources */,
				E4EEF12428C0651F00512532 /* list.c in Sources */,
				E42B8AFF28ABA7F700048F89 /* pointer.c in Sources */,
				E4EA874028BF5E42001E7E6B /* bit.c in Sources */,
				E4EEF12D28C1DD8E00512532 /* tree.c in Sources */,
			);
			runOnlyForDeploymentPostprocessing = 0;
		};
/* End PBXSourcesBuildPhase section */

/* Begin XCBuildConfiguration section */
		E42B8AF828AB7B2800048F89 /* Debug */ = {
			isa = XCBuildConfiguration;
			buildSettings = {
				ALWAYS_SEARCH_USER_PATHS = NO;
				CLANG_ANALYZER_NONNULL = YES;
				CLANG_ANALYZER_NUMBER_OBJECT_CONVERSION = YES_AGGRESSIVE;
				CLANG_CXX_LANGUAGE_STANDARD = "gnu++17";
				CLANG_ENABLE_MODULES = YES;
				CLANG_ENABLE_OBJC_ARC = YES;
				CLANG_ENABLE_OBJC_WEAK = YES;
				CLANG_WARN_BLOCK_CAPTURE_AUTORELEASING = YES;
				CLANG_WARN_BOOL_CONVERSION = YES;
				CLANG_WARN_COMMA = YES;
				CLANG_WARN_CONSTANT_CONVERSION = YES;
				CLANG_WARN_DEPRECATED_OBJC_IMPLEMENTATIONS = YES;
				CLANG_WARN_DIRECT_OBJC_ISA_USAGE = YES_ERROR;
				CLANG_WARN_DOCUMENTATION_COMMENTS = YES;
				CLANG_WARN_EMPTY_BODY = YES;
				CLANG_WARN_ENUM_CONVERSION = YES;
				CLANG_WARN_INFINITE_RECURSION = YES;
				CLANG_WARN_INT_CONVERSION = YES;
				CLANG_WARN_NON_LITERAL_NULL_CONVERSION = YES;
				CLANG_WARN_OBJC_IMPLICIT_RETAIN_SELF = YES;
				CLANG_WARN_OBJC_LITERAL_CONVERSION = YES;
				CLANG_WARN_OBJC_ROOT_CLASS = YES_ERROR;
				CLANG_WARN_QUOTED_INCLUDE_IN_FRAMEWORK_HEADER = YES;
				CLANG_WARN_RANGE_LOOP_ANALYSIS = YES;
				CLANG_WARN_STRICT_PROTOTYPES = YES;
				CLANG_WARN_SUSPICIOUS_MOVE = YES;
				CLANG_WARN_UNGUARDED_AVAILABILITY = YES_AGGRESSIVE;
				CLANG_WARN_UNREACHABLE_CODE = YES;
				CLANG_WARN__DUPLICATE_METHOD_MATCH = YES;
				COPY_PHASE_STRIP = NO;
				DEBUG_INFORMATION_FORMAT = dwarf;
				ENABLE_STRICT_OBJC_MSGSEND = YES;
				ENABLE_TESTABILITY = YES;
				GCC_C_LANGUAGE_STANDARD = gnu11;
				GCC_DYNAMIC_NO_PIC = NO;
				GCC_NO_COMMON_BLOCKS = YES;
				GCC_OPTIMIZATION_LEVEL = 0;
				GCC_PREPROCESSOR_DEFINITIONS = (
					"DEBUG=1",
					"$(inherited)",
				);
				GCC_WARN_64_TO_32_BIT_CONVERSION = YES;
				GCC_WARN_ABOUT_RETURN_TYPE = YES_ERROR;
				GCC_WARN_UNDECLARED_SELECTOR = YES;
				GCC_WARN_UNINITIALIZED_AUTOS = YES_AGGRESSIVE;
				GCC_WARN_UNUSED_FUNCTION = YES;
				GCC_WARN_UNUSED_VARIABLE = YES;
				MACOSX_DEPLOYMENT_TARGET = 12.3;
				MTL_ENABLE_DEBUG_INFO = INCLUDE_SOURCE;
				MTL_FAST_MATH = YES;
				ONLY_ACTIVE_ARCH = YES;
				SDKROOT = macosx;
			};
			name = Debug;
		};
		E42B8AF928AB7B2800048F89 /* Release */ = {
			isa = XCBuildConfiguration;
			buildSettings = {
				ALWAYS_SEARCH_USER_PATHS = NO;
				CLANG_ANALYZER_NONNULL = YES;
				CLANG_ANALYZER_NUMBER_OBJECT_CONVERSION = YES_AGGRESSIVE;
				CLANG_CXX_LANGUAGE_STANDARD = "gnu++17";
				CLANG_ENABLE_MODULES = YES;
				CLANG_ENABLE_OBJC_ARC = YES;
				CLANG_ENABLE_OBJC_WEAK = YES;
				CLANG_WARN_BLOCK_CAPTURE_AUTORELEASING = YES;
				CLANG_WARN_BOOL_CONVERSION = YES;
				CLANG_WARN_COMMA = YES;
				CLANG_WARN_CONSTANT_CONVERSION = YES;
				CLANG_WARN_DEPRECATED_OBJC_IMPLEMENTATIONS = YES;
				CLANG_WARN_DIRECT_OBJC_ISA_USAGE = YES_ERROR;
				CLANG_WARN_DOCUMENTATION_COMMENTS = YES;
				CLANG_WARN_EMPTY_BODY = YES;
				CLANG_WARN_ENUM_CONVERSION = YES;
				CLANG_WARN_INFINITE_RECURSION = YES;
				CLANG_WARN_INT_CONVERSION = YES;
				CLANG_WARN_NON_LITERAL_NULL_CONVERSION = YES;
				CLANG_WARN_OBJC_IMPLICIT_RETAIN_SELF = YES;
				CLANG_WARN_OBJC_LITERAL_CONVERSION = YES;
				CLANG_WARN_OBJC_ROOT_CLASS = YES_ERROR;
				CLANG_WARN_QUOTED_INCLUDE_IN_FRAMEWORK_HEADER = YES;
				CLANG_WARN_RANGE_LOOP_ANALYSIS = YES;
				CLANG_WARN_STRICT_PROTOTYPES = YES;
				CLANG_WARN_SUSPICIOUS_MOVE = YES;
				CLANG_WARN_UNGUARDED_AVAILABILITY = YES_AGGRESSIVE;
				CLANG_WARN_UNREACHABLE_CODE = YES;
				CLANG_WARN__DUPLICATE_METHOD_MATCH = YES;
				COPY_PHASE_STRIP = NO;
				DEBUG_INFORMATION_FORMAT = "dwarf-with-dsym";
				ENABLE_NS_ASSERTIONS = NO;
				ENABLE_STRICT_OBJC_MSGSEND = YES;
				GCC_C_LANGUAGE_STANDARD = gnu11;
				GCC_NO_COMMON_BLOCKS = YES;
				GCC_WARN_64_TO_32_BIT_CONVERSION = YES;
				GCC_WARN_ABOUT_RETURN_TYPE = YES_ERROR;
				GCC_WARN_UNDECLARED_SELECTOR = YES;
				GCC_WARN_UNINITIALIZED_AUTOS = YES_AGGRESSIVE;
				GCC_WARN_UNUSED_FUNCTION = YES;
				GCC_WARN_UNUSED_VARIABLE = YES;
				MACOSX_DEPLOYMENT_TARGET = 12.3;
				MTL_ENABLE_DEBUG_INFO = NO;
				MTL_FAST_MATH = YES;
				SDKROOT = macosx;
			};
			name = Release;
		};
		E42B8AFB28AB7B2800048F89 /* Debug */ = {
			isa = XCBuildConfiguration;
			buildSettings = {
				CODE_SIGN_STYLE = Automatic;
				DEVELOPMENT_TEAM = DQFEA2B5H2;
				ENABLE_HARDENED_RUNTIME = YES;
				PRODUCT_NAME = "$(TARGET_NAME)";
			};
			name = Debug;
		};
		E42B8AFC28AB7B2800048F89 /* Release */ = {
			isa = XCBuildConfiguration;
			buildSettings = {
				CODE_SIGN_STYLE = Automatic;
				DEVELOPMENT_TEAM = DQFEA2B5H2;
				ENABLE_HARDENED_RUNTIME = YES;
				PRODUCT_NAME = "$(TARGET_NAME)";
			};
			name = Release;
		};
/* End XCBuildConfiguration section */

/* Begin XCConfigurationList section */
		E42B8AEE28AB7B2700048F89 /* Build configuration list for PBXProject "Learn_C" */ = {
			isa = XCConfigurationList;
			buildConfigurations = (
				E42B8AF828AB7B2800048F89 /* Debug */,
				E42B8AF928AB7B2800048F89 /* Release */,
			);
			defaultConfigurationIsVisible = 0;
			defaultConfigurationName = Release;
		};
		E42B8AFA28AB7B2800048F89 /* Build configuration list for PBXNativeTarget "Learn_C" */ = {
			isa = XCConfigurationList;
			buildConfigurations = (
				E42B8AFB28AB7B2800048F89 /* Debug */,
				E42B8AFC28AB7B2800048F89 /* Release */,
			);
			defaultConfigurationIsVisible = 0;
			defaultConfigurationName = Release;
		};
/* End XCConfigurationList section */
	};
	rootObject = E42B8AEB28AB7B2700048F89 /* Project object */;
}
